
Microsoft Visual Studio Solution File, Format Version 12.00
# Visual Studio 14
VisualStudioVersion = 14.0.23107.0
MinimumVisualStudioVersion = 10.0.40219.1
Project("{8BC9CEB8-8B4A-11D0-8D11-00A0C91BC942}") = "Laboration6", "Laboration6\Laboration6.vcxproj", "{1EDB7C52-F89B-43D8-BCB8-C6E80FCD531B}"
EndProject
Global
	GlobalSection(SolutionConfigurationPlatforms) = preSolution
		Debug|x64 = Debug|x64
		Debug|x86 = Debug|x86
		Release|x64 = Release|x64
		Release|x86 = Release|x86
	EndGlobalSection
	GlobalSection(ProjectConfigurationPlatforms) = postSolution
		{1EDB7C52-F89B-43D8-BCB8-C6E80FCD531B}.Debug|x64.ActiveCfg = Debug|x64
		{1EDB7C52-F89B-43D8-BCB8-C6E80FCD531B}.Debug|x64.Build.0 = Debug|x64
		{1EDB7C52-F89B-43D8-BCB8-C6E80FCD531B}.Debug|x86.ActiveCfg = Debug|Win32
		{1EDB7C52-F89B-43D8-BCB8-C6E80FCD531B}.Debug|x86.Build.0 = Debug|Win32
		{1EDB7C52-F89B-43D8-BCB8-C6E80FCD531B}.Release|x64.ActiveCfg = Release|x64
		{1EDB7C52-F89B-43D8-BCB8-C6E80FCD531B}.Release|x64.Build.0 = Release|x64
		{1EDB7C52-F89B-43D8-BCB8-C6E80FCD531B}.Release|x86.ActiveCfg = Release|Win32
		{1EDB7C52-F89B-43D8-BCB8-C6E80FCD531B}.Release|x86.Build.0 = Release|Win32
	EndGlobalSection
	GlobalSection(SolutionProperties) = preSolution
		HideSolutionNode = FALSE
	EndGlobalSection
EndGlobal
